
Microsoft Visual Studio Solution File, Format Version 10.00
# Visual Studio 2008
Project("{FAE04EC0-301F-11D3-BF4B-00C04F79EFBC}") = "Web", "Web.csproj", "{CBC8A641-D6B5-4E9F-96B4-3AF72E8ACFB3}"
EndProject
Global
	GlobalSection(SolutionConfigurationPlatforms) = preSolution
		Debug|Any CPU = Debug|Any CPU
		Retail|Any CPU = Retail|Any CPU
	EndGlobalSection
	GlobalSection(ProjectConfigurationPlatforms) = postSolution
		{CBC8A641-D6B5-4E9F-96B4-3AF72E8ACFB3}.Debug|Any CPU.ActiveCfg = Debug|Any CPU
		{CBC8A641-D6B5-4E9F-96B4-3AF72E8ACFB3}.Debug|Any CPU.Build.0 = Debug|Any CPU
		{CBC8A641-D6B5-4E9F-96B4-3AF72E8ACFB3}.Retail|Any CPU.ActiveCfg = Retail|Any CPU
		{CBC8A641-D6B5-4E9F-96B4-3AF72E8ACFB3}.Retail|Any CPU.Build.0 = Retail|Any CPU
	EndGlobalSection
	GlobalSection(SolutionProperties) = preSolution
		HideSolutionNode = FALSE
	EndGlobalSection
EndGlobal
